dependencies:
  espressif/esp-zboss-lib:
    component_hash: 321883d142421f65009972408287441794250057668a11abbdfd8bec77c3309a
    dependencies:
    - name: idf
      require: private
      version: '>=5.0'
    source:
      registry_url: https://components.espressif.com/
      type: service
    version: 1.6.4
  espressif/esp-zigbee-lib:
    component_hash: 76fad74d3720df73383d7fa7469b62c3261e853ee24c59933dc6d74e707f277e
    dependencies:
    - name: idf
      require: private
      version: '>=5.0'
    source:
      registry_url: https://components.espressif.com/
      type: service
    version: 1.6.6
  idf:
    source:
      type: idf
    version: 5.3.4
direct_dependencies:
- espressif/esp-zboss-lib
- espressif/esp-zigbee-lib
- idf
manifest_hash: 5a61b511c00d21ff8ab290e334d10c80bb903f2ac38529313cb0eb4cf120b5ce
target: esp32c6
version: 2.0.0
